
Microsoft Visual Studio Solution File, Format Version 12.00
# Visual Studio Version 17
VisualStudioVersion = 17.5.002.0
MinimumVisualStudioVersion = 10.0.40219.1
Project("{9A19103F-16F7-4668-BE54-9A1E7A4F7556}") = "AcmeCorpAPI", "AcmeCorpAPI\AcmeCorpAPI.csproj", "{D27FDD74-55E2-4ACE-8606-75718D8ACA2E}"
EndProject
Project("{FAE04EC0-301F-11D3-BF4B-00C04F79EFBC}") = "AcmeCorpAPI.Tests", "AcmeCorpAPI.Tests\AcmeCorpAPI.Tests.csproj", "{42ECC64F-DAFF-49AB-87D9-1C2CE79216BE}"
EndProject
Project("{FAE04EC0-301F-11D3-BF4B-00C04F79EFBC}") = "AcmeCorpAPI.IntegrationTests", "AcmeCorpAPI.IntegrationTests\AcmeCorpAPI.IntegrationTests.csproj", "{BFED81A0-A992-497A-9564-48476511179F}"
EndProject
Global
	GlobalSection(SolutionConfigurationPlatforms) = preSolution
		Debug|Any CPU = Debug|Any CPU
		Release|Any CPU = Release|Any CPU
	EndGlobalSection
	GlobalSection(ProjectConfigurationPlatforms) = postSolution
		{D27FDD74-55E2-4ACE-8606-75718D8ACA2E}.Debug|Any CPU.ActiveCfg = Debug|Any CPU
		{D27FDD74-55E2-4ACE-8606-75718D8ACA2E}.Debug|Any CPU.Build.0 = Debug|Any CPU
		{D27FDD74-55E2-4ACE-8606-75718D8ACA2E}.Release|Any CPU.ActiveCfg = Release|Any CPU
		{D27FDD74-55E2-4ACE-8606-75718D8ACA2E}.Release|Any CPU.Build.0 = Release|Any CPU
		{42ECC64F-DAFF-49AB-87D9-1C2CE79216BE}.Debug|Any CPU.ActiveCfg = Debug|Any CPU
		{42ECC64F-DAFF-49AB-87D9-1C2CE79216BE}.Debug|Any CPU.Build.0 = Debug|Any CPU
		{42ECC64F-DAFF-49AB-87D9-1C2CE79216BE}.Release|Any CPU.ActiveCfg = Release|Any CPU
		{42ECC64F-DAFF-49AB-87D9-1C2CE79216BE}.Release|Any CPU.Build.0 = Release|Any CPU
		{BFED81A0-A992-497A-9564-48476511179F}.Debug|Any CPU.ActiveCfg = Debug|Any CPU
		{BFED81A0-A992-497A-9564-48476511179F}.Debug|Any CPU.Build.0 = Debug|Any CPU
		{BFED81A0-A992-497A-9564-48476511179F}.Release|Any CPU.ActiveCfg = Release|Any CPU
		{BFED81A0-A992-497A-9564-48476511179F}.Release|Any CPU.Build.0 = Release|Any CPU
	EndGlobalSection
	GlobalSection(SolutionProperties) = preSolution
		HideSolutionNode = FALSE
	EndGlobalSection
	GlobalSection(ExtensibilityGlobals) = postSolution
		SolutionGuid = {7E3EB0F3-8CB6-47A4-8854-92D63198B9FC}
	EndGlobalSection
EndGlobal
